// !$*UTF8*$!
{
	archiveVersion = 1;
	classes = {
	};
	objectVersion = 50;
	objects = {

/* Begin PBXBuildFile section */
		1E24268A239284CE00620086 /* AppDelegate.swift in Sources */ = {isa = PBXBuildFile; fileRef = 1E242689239284CE00620086 /* AppDelegate.swift */; };
		1E24268C239284CE00620086 /* SceneDelegate.swift in Sources */ = {isa = PBXBuildFile; fileRef = 1E24268B239284CE00620086 /* SceneDelegate.swift */; };
		1E242691239284CE00620086 /* Main.storyboard in Resources */ = {isa = PBXBuildFile; fileRef = 1E24268F239284CE00620086 /* Main.storyboard */; };
		1E242693239284D000620086 /* Assets.xcassets in Resources */ = {isa = PBXBuildFile; fileRef = 1E242692239284D000620086 /* Assets.xcassets */; };
		1E242696239284D000620086 /* LaunchScreen.storyboard in Resources */ = {isa = PBXBuildFile; fileRef = 1E242694239284D000620086 /* LaunchScreen.storyboard */; };
		1E24269E2392885600620086 /* PersonsListViewController.swift in Sources */ = {isa = PBXBuildFile; fileRef = 1E24269D2392885600620086 /* PersonsListViewController.swift */; };
		1E2426A123929D6300620086 /* Person.swift in Sources */ = {isa = PBXBuildFile; fileRef = 1E2426A023929D6300620086 /* Person.swift */; };
/* End PBXBuildFile section */

/* Begin PBXFileReference section */
		1E242686239284CE00620086 /* MirnaiaNV_HW2.6.app */ = {isa = PBXFileReference; explicitFileType = wrapper.application; includeInIndex = 0; path = MirnaiaNV_HW2.6.app; sourceTree = BUILT_PRODUCTS_DIR; };
		1E242689239284CE00620086 /* AppDelegate.swift */ = {isa = PBXFileReference; lastKnownFileType = sourcecode.swift; path = AppDelegate.swift; sourceTree = "<group>"; };
		1E24268B239284CE00620086 /* SceneDelegate.swift */ = {isa = PBXFileReference; lastKnownFileType = sourcecode.swift; path = SceneDelegate.swift; sourceTree = "<group>"; };
		1E242690239284CE00620086 /* Base */ = {isa = PBXFileReference; lastKnownFileType = file.storyboard; name = Base; path = Base.lproj/Main.storyboard; sourceTree = "<group>"; };
		1E242692239284D000620086 /* Assets.xcassets */ = {isa = PBXFileReference; lastKnownFileType = folder.assetcatalog; path = Assets.xcassets; sourceTree = "<group>"; };
		1E242695239284D000620086 /* Base */ = {isa = PBXFileReference; lastKnownFileType = file.storyboard; name = Base; path = Base.lproj/LaunchScreen.storyboard; sourceTree = "<group>"; };
		1E242697239284D000620086 /* Info.plist */ = {isa = PBXFileReference; lastKnownFileType = text.plist.xml; path = Info.plist; sourceTree = "<group>"; };
		1E24269D2392885600620086 /* PersonsListViewController.swift */ = {isa = PBXFileReference; lastKnownFileType = sourcecode.swift; path = PersonsListViewController.swift; sourceTree = "<group>"; };
		1E2426A023929D6300620086 /* Person.swift */ = {isa = PBXFileReference; lastKnownFileType = sourcecode.swift; path = Person.swift; sourceTree = "<group>"; };
/* End PBXFileReference section */

/* Begin PBXFrameworksBuildPhase section */
		1E242683239284CE00620086 /* Frameworks */ = {
			isa = PBXFrameworksBuildPhase;
			buildActionMask = 2147483647;
			files = (
			);
			runOnlyForDeploymentPostprocessing = 0;
		};
/* End PBXFrameworksBuildPhase section */

/* Begin PBXGroup section */
		1E24267D239284CE00620086 = {
			isa = PBXGroup;
			children = (
				1E242688239284CE00620086 /* MirnaiaNV_HW2.6 */,
				1E242687239284CE00620086 /* Products */,
			);
			sourceTree = "<group>";
		};
		1E242687239284CE00620086 /* Products */ = {
			isa = PBXGroup;
			children = (
				1E242686239284CE00620086 /* MirnaiaNV_HW2.6.app */,
			);
			name = Products;
			sourceTree = "<group>";
		};
		1E242688239284CE00620086 /* MirnaiaNV_HW2.6 */ = {
			isa = PBXGroup;
			children = (
				1E242689239284CE00620086 /* AppDelegate.swift */,
				1E24268B239284CE00620086 /* SceneDelegate.swift */,
				1E24269D2392885600620086 /* PersonsListViewController.swift */,
				1E2426A023929D6300620086 /* Person.swift */,
				1E24268F239284CE00620086 /* Main.storyboard */,
				1E242692239284D000620086 /* Assets.xcassets */,
				1E242694239284D000620086 /* LaunchScreen.storyboard */,
				1E242697239284D000620086 /* Info.plist */,
			);
			path = MirnaiaNV_HW2.6;
			sourceTree = "<group>";
		};
/* End PBXGroup section */

/* Begin PBXNativeTarget section */
		1E242685239284CE00620086 /* MirnaiaNV_HW2.6 */ = {
			isa = PBXNativeTarget;
			buildConfigurationList = 1E24269A239284D000620086 /* Build configuration list for PBXNativeTarget "MirnaiaNV_HW2.6" */;
			buildPhases = (
				1E242682239284CE00620086 /* Sources */,
				1E242683239284CE00620086 /* Frameworks */,
				1E242684239284CE00620086 /* Resources */,
			);
			buildRules = (
			);
			dependencies = (
			);
			name = MirnaiaNV_HW2.6;
			productName = MirnaiaNV_HW2.6;
			productReference = 1E242686239284CE00620086 /* MirnaiaNV_HW2.6.app */;
			productType = "com.apple.product-type.application";
		};
/* End PBXNativeTarget section */

/* Begin PBXProject section */
		1E24267E239284CE00620086 /* Project object */ = {
			isa = PBXProject;
			attributes = {
				LastSwiftUpdateCheck = 1100;
				LastUpgradeCheck = 1100;
				ORGANIZATIONNAME = "Наталья Мирная";
				TargetAttributes = {
					1E242685239284CE00620086 = {
						CreatedOnToolsVersion = 11.0;
					};
				};
			};
			buildConfigurationList = 1E242681239284CE00620086 /* Build configuration list for PBXProject "MirnaiaNV_HW2.6" */;
			compatibilityVersion = "Xcode 9.3";
			developmentRegion = en;
			hasScannedForEncodings = 0;
			knownRegions = (
				en,
				Base,
			);
			mainGroup = 1E24267D239284CE00620086;
			productRefGroup = 1E242687239284CE00620086 /* Products */;
			projectDirPath = "";
			projectRoot = "";
			targets = (
				1E242685239284CE00620086 /* MirnaiaNV_HW2.6 */,
			);
		};
/* End PBXProject section */

/* Begin PBXResourcesBuildPhase section */
		1E242684239284CE00620086 /* Resources */ = {
			isa = PBXResourcesBuildPhase;
			buildActionMask = 2147483647;
			files = (
				1E242696239284D000620086 /* LaunchScreen.storyboard in Resources */,
				1E242693239284D000620086 /* Assets.xcassets in Resources */,
				1E242691239284CE00620086 /* Main.storyboard in Resources */,
			);
			runOnlyForDeploymentPostprocessing = 0;
		};
/* End PBXResourcesBuildPhase section */

/* Begin PBXSourcesBuildPhase section */
		1E242682239284CE00620086 /* Sources */ = {
			isa = PBXSourcesBuildPhase;
			buildActionMask = 2147483647;
			files = (
				1E24268A239284CE00620086 /* AppDelegate.swift in Sources */,
				1E24269E2392885600620086 /* PersonsListViewController.swift in Sources */,
				1E2426A123929D6300620086 /* Person.swift in Sources */,
				1E24268C239284CE00620086 /* SceneDelegate.swift in Sources */,
			);
			runOnlyForDeploymentPostprocessing = 0;
		};
/* End PBXSourcesBuildPhase section */

/* Begin PBXVariantGroup section */
		1E24268F239284CE00620086 /* Main.storyboard */ = {
			isa = PBXVariantGroup;
			children = (
				1E242690239284CE00620086 /* Base */,
			);
			name = Main.storyboard;
			sourceTree = "<group>";
		};
		1E242694239284D000620086 /* LaunchScreen.storyboard */ = {
			isa = PBXVariantGroup;
			children = (
				1E242695239284D000620086 /* Base */,
			);
			name = LaunchScreen.storyboard;
			sourceTree = "<group>";
		};
/* End PBXVariantGroup section */

/* Begin XCBuildConfiguration section */
		1E242698239284D000620086 /* Debug */ = {
			isa = XCBuildConfiguration;
			buildSettings = {
				ALWAYS_SEARCH_USER_PATHS = NO;
				CLANG_ANALYZER_NONNULL = YES;
				CLANG_ANALYZER_NUMBER_OBJECT_CONVERSION = YES_AGGRESSIVE;
				CLANG_CXX_LANGUAGE_STANDARD = "gnu++14";
				CLANG_CXX_LIBRARY = "libc++";
				CLANG_ENABLE_MODULES = YES;
				CLANG_ENABLE_OBJC_ARC = YES;
				CLANG_ENABLE_OBJC_WEAK = YES;
				CLANG_WARN_BLOCK_CAPTURE_AUTORELEASING = YES;
				CLANG_WARN_BOOL_CONVERSION = YES;
				CLANG_WARN_COMMA = YES;
				CLANG_WARN_CONSTANT_CONVERSION = YES;
				CLANG_WARN_DEPRECATED_OBJC_IMPLEMENTATIONS = YES;
				CLANG_WARN_DIRECT_OBJC_ISA_USAGE = YES_ERROR;
				CLANG_WARN_DOCUMENTATION_COMMENTS = YES;
				CLANG_WARN_EMPTY_BODY = YES;
				CLANG_WARN_ENUM_CONVERSION = YES;
				CLANG_WARN_INFINITE_RECURSION = YES;
				CLANG_WARN_INT_CONVERSION = YES;
				CLANG_WARN_NON_LITERAL_NULL_CONVERSION = YES;
				CLANG_WARN_OBJC_IMPLICIT_RETAIN_SELF = YES;
				CLANG_WARN_OBJC_LITERAL_CONVERSION = YES;
				CLANG_WARN_OBJC_ROOT_CLASS = YES_ERROR;
				CLANG_WARN_RANGE_LOOP_ANALYSIS = YES;
				CLANG_WARN_STRICT_PROTOTYPES = YES;
				CLANG_WARN_SUSPICIOUS_MOVE = YES;
				CLANG_WARN_UNGUARDED_AVAILABILITY = YES_AGGRESSIVE;
				CLANG_WARN_UNREACHABLE_CODE = YES;
				CLANG_WARN__DUPLICATE_METHOD_MATCH = YES;
				COPY_PHASE_STRIP = NO;
				DEBUG_INFORMATION_FORMAT = dwarf;
				ENABLE_STRICT_OBJC_MSGSEND = YES;
				ENABLE_TESTABILITY = YES;
				GCC_C_LANGUAGE_STANDARD = gnu11;
				GCC_DYNAMIC_NO_PIC = NO;
				GCC_NO_COMMON_BLOCKS = YES;
				GCC_OPTIMIZATION_LEVEL = 0;
				GCC_PREPROCESSOR_DEFINITIONS = (
					"DEBUG=1",
					"$(inherited)",
				);
				GCC_WARN_64_TO_32_BIT_CONVERSION = YES;
				GCC_WARN_ABOUT_RETURN_TYPE = YES_ERROR;
				GCC_WARN_UNDECLARED_SELECTOR = YES;
				GCC_WARN_UNINITIALIZED_AUTOS = YES_AGGRESSIVE;
				GCC_WARN_UNUSED_FUNCTION = YES;
				GCC_WARN_UNUSED_VARIABLE = YES;
				IPHONEOS_DEPLOYMENT_TARGET = 13.0;
				MTL_ENABLE_DEBUG_INFO = INCLUDE_SOURCE;
				MTL_FAST_MATH = YES;
				ONLY_ACTIVE_ARCH = YES;
				SDKROOT = iphoneos;
				SWIFT_ACTIVE_COMPILATION_CONDITIONS = DEBUG;
				SWIFT_OPTIMIZATION_LEVEL = "-Onone";
			};
			name = Debug;
		};
		1E242699239284D000620086 /* Release */ = {
			isa = XCBuildConfiguration;
			buildSettings = {
				ALWAYS_SEARCH_USER_PATHS = NO;
				CLANG_ANALYZER_NONNULL = YES;
				CLANG_ANALYZER_NUMBER_OBJECT_CONVERSION = YES_AGGRESSIVE;
				CLANG_CXX_LANGUAGE_STANDARD = "gnu++14";
				CLANG_CXX_LIBRARY = "libc++";
				CLANG_ENABLE_MODULES = YES;
				CLANG_ENABLE_OBJC_ARC = YES;
				CLANG_ENABLE_OBJC_WEAK = YES;
				CLANG_WARN_BLOCK_CAPTURE_AUTORELEASING = YES;
				CLANG_WARN_BOOL_CONVERSION = YES;
				CLANG_WARN_COMMA = YES;
				CLANG_WARN_CONSTANT_CONVERSION = YES;
				CLANG_WARN_DEPRECATED_OBJC_IMPLEMENTATIONS = YES;
				CLANG_WARN_DIRECT_OBJC_ISA_USAGE = YES_ERROR;
				CLANG_WARN_DOCUMENTATION_COMMENTS = YES;
				CLANG_WARN_EMPTY_BODY = YES;
				CLANG_WARN_ENUM_CONVERSION = YES;
				CLANG_WARN_INFINITE_RECURSION = YES;
				CLANG_WARN_INT_CONVERSION = YES;
				CLANG_WARN_NON_LITERAL_NULL_CONVERSION = YES;
				CLANG_WARN_OBJC_IMPLICIT_RETAIN_SELF = YES;
				CLANG_WARN_OBJC_LITERAL_CONVERSION = YES;
				CLANG_WARN_OBJC_ROOT_CLASS = YES_ERROR;
				CLANG_WARN_RANGE_LOOP_ANALYSIS = YES;
				CLANG_WARN_STRICT_PROTOTYPES = YES;
				CLANG_WARN_SUSPICIOUS_MOVE = YES;
				CLANG_WARN_UNGUARDED_AVAILABILITY = YES_AGGRESSIVE;
				CLANG_WARN_UNREACHABLE_CODE = YES;
				CLANG_WARN__DUPLICATE_METHOD_MATCH = YES;
				COPY_PHASE_STRIP = NO;
				DEBUG_INFORMATION_FORMAT = "dwarf-with-dsym";
				ENABLE_NS_ASSERTIONS = NO;
				ENABLE_STRICT_OBJC_MSGSEND = YES;
				GCC_C_LANGUAGE_STANDARD = gnu11;
				GCC_NO_COMMON_BLOCKS = YES;
				GCC_WARN_64_TO_32_BIT_CONVERSION = YES;
				GCC_WARN_ABOUT_RETURN_TYPE = YES_ERROR;
				GCC_WARN_UNDECLARED_SELECTOR = YES;
				GCC_WARN_UNINITIALIZED_AUTOS = YES_AGGRESSIVE;
				GCC_WARN_UNUSED_FUNCTION = YES;
				GCC_WARN_UNUSED_VARIABLE = YES;
				IPHONEOS_DEPLOYMENT_TARGET = 13.0;
				MTL_ENABLE_DEBUG_INFO = NO;
				MTL_FAST_MATH = YES;
				SDKROOT = iphoneos;
				SWIFT_COMPILATION_MODE = wholemodule;
				SWIFT_OPTIMIZATION_LEVEL = "-O";
				VALIDATE_PRODUCT = YES;
			};
			name = Release;
		};
		1E24269B239284D000620086 /* Debug */ = {
			isa = XCBuildConfiguration;
			buildSettings = {
				ASSETCATALOG_COMPILER_APPICON_NAME = AppIcon;
				CODE_SIGN_STYLE = Automatic;
				DEVELOPMENT_TEAM = 9Q377U5Z8M;
				INFOPLIST_FILE = MirnaiaNV_HW2.6/Info.plist;
				LD_RUNPATH_SEARCH_PATHS = (
					"$(inherited)",
					"@executable_path/Frameworks",
				);
				PRODUCT_BUNDLE_IDENTIFIER = "yep.MirnaiaNV-HW2-6";
				PRODUCT_NAME = "$(TARGET_NAME)";
				SWIFT_VERSION = 5.0;
				TARGETED_DEVICE_FAMILY = "1,2";
			};
			name = Debug;
		};
		1E24269C239284D000620086 /* Release */ = {
			isa = XCBuildConfiguration;
			buildSettings = {
				ASSETCATALOG_COMPILER_APPICON_NAME = AppIcon;
				CODE_SIGN_STYLE = Automatic;
				DEVELOPMENT_TEAM = 9Q377U5Z8M;
				INFOPLIST_FILE = MirnaiaNV_HW2.6/Info.plist;
				LD_RUNPATH_SEARCH_PATHS = (
					"$(inherited)",
					"@executable_path/Frameworks",
				);
				PRODUCT_BUNDLE_IDENTIFIER = "yep.MirnaiaNV-HW2-6";
				PRODUCT_NAME = "$(TARGET_NAME)";
				SWIFT_VERSION = 5.0;
				TARGETED_DEVICE_FAMILY = "1,2";
			};
			name = Release;
		};
/* End XCBuildConfiguration section */

/* Begin XCConfigurationList section */
		1E242681239284CE00620086 /* Build configuration list for PBXProject "MirnaiaNV_HW2.6" */ = {
			isa = XCConfigurationList;
			buildConfigurations = (
				1E242698239284D000620086 /* Debug */,
				1E242699239284D000620086 /* Release */,
			);
			defaultConfigurationIsVisible = 0;
			defaultConfigurationName = Release;
		};
		1E24269A239284D000620086 /* Build configuration list for PBXNativeTarget "MirnaiaNV_HW2.6" */ = {
			isa = XCConfigurationList;
			buildConfigurations = (
				1E24269B239284D000620086 /* Debug */,
				1E24269C239284D000620086 /* Release */,
			);
			defaultConfigurationIsVisible = 0;
			defaultConfigurationName = Release;
		};
/* End XCConfigurationList section */
	};
	rootObject = 1E24267E239284CE00620086 /* Project object */;
}
